// !$*UTF8*$!
{
	archiveVersion = 1;
	classes = {
	};
	objectVersion = 77;
	objects = {

/* Begin PBXContainerItemProxy section */
		CED103D32DD4E2E00029689D /* PBXContainerItemProxy */ = {
			isa = PBXContainerItemProxy;
			containerPortal = CED103B42DD4E2DC0029689D /* Project object */;
			proxyType = 1;
			remoteGlobalIDString = CED103BB2DD4E2DC0029689D;
			remoteInfo = MoviesBox;
		};
		CED103DD2DD4E2E00029689D /* PBXContainerItemProxy */ = {
			isa = PBXContainerItemProxy;
			containerPortal = CED103B42DD4E2DC0029689D /* Project object */;
			proxyType = 1;
			remoteGlobalIDString = CED103BB2DD4E2DC0029689D;
			remoteInfo = MoviesBox;
		};
/* End PBXContainerItemProxy section */

/* Begin PBXFileReference section */
		CED103BC2DD4E2DC0029689D /* MoviesBox.app */ = {isa = PBXFileReference; explicitFileType = wrapper.application; includeInIndex = 0; path = MoviesBox.app; sourceTree = BUILT_PRODUCTS_DIR; };
		CED103D22DD4E2E00029689D /* MoviesBoxTests.xctest */ = {isa = PBXFileReference; explicitFileType = wrapper.cfbundle; includeInIndex = 0; path = MoviesBoxTests.xctest; sourceTree = BUILT_PRODUCTS_DIR; };
		CED103DC2DD4E2E00029689D /* MoviesBoxUITests.xctest */ = {isa = PBXFileReference; explicitFileType = wrapper.cfbundle; includeInIndex = 0; path = MoviesBoxUITests.xctest; sourceTree = BUILT_PRODUCTS_DIR; };
/* End PBXFileReference section */

/* Begin PBXFileSystemSynchronizedBuildFileExceptionSet section */
		CED103E42DD4E2E00029689D /* Exceptions for "MoviesBox" folder in "MoviesBox" target */ = {
			isa = PBXFileSystemSynchronizedBuildFileExceptionSet;
			membershipExceptions = (
				Info.plist,
			);
			target = CED103BB2DD4E2DC0029689D /* MoviesBox */;
		};
/* End PBXFileSystemSynchronizedBuildFileExceptionSet section */

/* Begin PBXFileSystemSynchronizedRootGroup section */
		CED103BE2DD4E2DC0029689D /* MoviesBox */ = {
			isa = PBXFileSystemSynchronizedRootGroup;
			exceptions = (
				CED103E42DD4E2E00029689D /* Exceptions for "MoviesBox" folder in "MoviesBox" target */,
			);
			path = MoviesBox;
			sourceTree = "<group>";
		};
		CED103D52DD4E2E00029689D /* MoviesBoxTests */ = {
			isa = PBXFileSystemSynchronizedRootGroup;
			path = MoviesBoxTests;
			sourceTree = "<group>";
		};
		CED103DF2DD4E2E00029689D /* MoviesBoxUITests */ = {
			isa = PBXFileSystemSynchronizedRootGroup;
			path = MoviesBoxUITests;
			sourceTree = "<group>";
		};
/* End PBXFileSystemSynchronizedRootGroup section */

/* Begin PBXFrameworksBuildPhase section */
		CED103B92DD4E2DC0029689D /* Frameworks */ = {
			isa = PBXFrameworksBuildPhase;
			buildActionMask = 2147483647;
			files = (
			);
			runOnlyForDeploymentPostprocessing = 0;
		};
		CED103CF2DD4E2E00029689D /* Frameworks */ = {
			isa = PBXFrameworksBuildPhase;
			buildActionMask = 2147483647;
			files = (
			);
			runOnlyForDeploymentPostprocessing = 0;
		};
		CED103D92DD4E2E00029689D /* Frameworks */ = {
			isa = PBXFrameworksBuildPhase;
			buildActionMask = 2147483647;
			files = (
			);
			runOnlyForDeploymentPostprocessing = 0;
		};
/* End PBXFrameworksBuildPhase section */

/* Begin PBXGroup section */
		CED103B32DD4E2DC0029689D = {
			isa = PBXGroup;
			children = (
				CED103BE2DD4E2DC0029689D /* MoviesBox */,
				CED103D52DD4E2E00029689D /* MoviesBoxTests */,
				CED103DF2DD4E2E00029689D /* MoviesBoxUITests */,
				CED103BD2DD4E2DC0029689D /* Products */,
			);
			sourceTree = "<group>";
		};
		CED103BD2DD4E2DC0029689D /* Products */ = {
			isa = PBXGroup;
			children = (
				CED103BC2DD4E2DC0029689D /* MoviesBox.app */,
				CED103D22DD4E2E00029689D /* MoviesBoxTests.xctest */,
				CED103DC2DD4E2E00029689D /* MoviesBoxUITests.xctest */,
			);
			name = Products;
			sourceTree = "<group>";
		};
/* End PBXGroup section */

/* Begin PBXNativeTarget section */
		CED103BB2DD4E2DC0029689D /* MoviesBox */ = {
			isa = PBXNativeTarget;
			buildConfigurationList = CED103E52DD4E2E00029689D /* Build configuration list for PBXNativeTarget "MoviesBox" */;
			buildPhases = (
				CED103B82DD4E2DC0029689D /* Sources */,
				CED103B92DD4E2DC0029689D /* Frameworks */,
				CED103BA2DD4E2DC0029689D /* Resources */,
			);
			buildRules = (
			);
			dependencies = (
			);
			fileSystemSynchronizedGroups = (
				CED103BE2DD4E2DC0029689D /* MoviesBox */,
			);
			name = MoviesBox;
			packageProductDependencies = (
			);
			productName = MoviesBox;
			productReference = CED103BC2DD4E2DC0029689D /* MoviesBox.app */;
			productType = "com.apple.product-type.application";
		};
		CED103D12DD4E2E00029689D /* MoviesBoxTests */ = {
			isa = PBXNativeTarget;
			buildConfigurationList = CED103EA2DD4E2E00029689D /* Build configuration list for PBXNativeTarget "MoviesBoxTests" */;
			buildPhases = (
				CED103CE2DD4E2E00029689D /* Sources */,
				CED103CF2DD4E2E00029689D /* Frameworks */,
				CED103D02DD4E2E00029689D /* Resources */,
			);
			buildRules = (
			);
			dependencies = (
				CED103D42DD4E2E00029689D /* PBXTargetDependency */,
			);
			fileSystemSynchronizedGroups = (
				CED103D52DD4E2E00029689D /* MoviesBoxTests */,
			);
			name = MoviesBoxTests;
			packageProductDependencies = (
			);
			productName = MoviesBoxTests;
			productReference = CED103D22DD4E2E00029689D /* MoviesBoxTests.xctest */;
			productType = "com.apple.product-type.bundle.unit-test";
		};
		CED103DB2DD4E2E00029689D /* MoviesBoxUITests */ = {
			isa = PBXNativeTarget;
			buildConfigurationList = CED103ED2DD4E2E00029689D /* Build configuration list for PBXNativeTarget "MoviesBoxUITests" */;
			buildPhases = (
				CED103D82DD4E2E00029689D /* Sources */,
				CED103D92DD4E2E00029689D /* Frameworks */,
				CED103DA2DD4E2E00029689D /* Resources */,
			);
			buildRules = (
			);
			dependencies = (
				CED103DE2DD4E2E00029689D /* PBXTargetDependency */,
			);
			fileSystemSynchronizedGroups = (
				CED103DF2DD4E2E00029689D /* MoviesBoxUITests */,
			);
			name = MoviesBoxUITests;
			packageProductDependencies = (
			);
			productName = MoviesBoxUITests;
			productReference = CED103DC2DD4E2E00029689D /* MoviesBoxUITests.xctest */;
			productType = "com.apple.product-type.bundle.ui-testing";
		};
/* End PBXNativeTarget section */

/* Begin PBXProject section */
		CED103B42DD4E2DC0029689D /* Project object */ = {
			isa = PBXProject;
			attributes = {
				BuildIndependentTargetsInParallel = 1;
				LastSwiftUpdateCheck = 1630;
				LastUpgradeCheck = 1630;
				TargetAttributes = {
					CED103BB2DD4E2DC0029689D = {
						CreatedOnToolsVersion = 16.3;
					};
					CED103D12DD4E2E00029689D = {
						CreatedOnToolsVersion = 16.3;
						TestTargetID = CED103BB2DD4E2DC0029689D;
					};
					CED103DB2DD4E2E00029689D = {
						CreatedOnToolsVersion = 16.3;
						TestTargetID = CED103BB2DD4E2DC0029689D;
					};
				};
			};
			buildConfigurationList = CED103B72DD4E2DC0029689D /* Build configuration list for PBXProject "MoviesBox" */;
			developmentRegion = en;
			hasScannedForEncodings = 0;
			knownRegions = (
				en,
				Base,
			);
			mainGroup = CED103B32DD4E2DC0029689D;
			minimizedProjectReferenceProxies = 1;
			preferredProjectObjectVersion = 77;
			productRefGroup = CED103BD2DD4E2DC0029689D /* Products */;
			projectDirPath = "";
			projectRoot = "";
			targets = (
				CED103BB2DD4E2DC0029689D /* MoviesBox */,
				CED103D12DD4E2E00029689D /* MoviesBoxTests */,
				CED103DB2DD4E2E00029689D /* MoviesBoxUITests */,
			);
		};
/* End PBXProject section */

/* Begin PBXResourcesBuildPhase section */
		CED103BA2DD4E2DC0029689D /* Resources */ = {
			isa = PBXResourcesBuildPhase;
			buildActionMask = 2147483647;
			files = (
			);
			runOnlyForDeploymentPostprocessing = 0;
		};
		CED103D02DD4E2E00029689D /* Resources */ = {
			isa = PBXResourcesBuildPhase;
			buildActionMask = 2147483647;
			files = (
			);
			runOnlyForDeploymentPostprocessing = 0;
		};
		CED103DA2DD4E2E00029689D /* Resources */ = {
			isa = PBXResourcesBuildPhase;
			buildActionMask = 2147483647;
			files = (
			);
			runOnlyForDeploymentPostprocessing = 0;
		};
/* End PBXResourcesBuildPhase section */

/* Begin PBXSourcesBuildPhase section */
		CED103B82DD4E2DC0029689D /* Sources */ = {
			isa = PBXSourcesBuildPhase;
			buildActionMask = 2147483647;
			files = (
			);
			runOnlyForDeploymentPostprocessing = 0;
		};
		CED103CE2DD4E2E00029689D /* Sources */ = {
			isa = PBXSourcesBuildPhase;
			buildActionMask = 2147483647;
			files = (
			);
			runOnlyForDeploymentPostprocessing = 0;
		};
		CED103D82DD4E2E00029689D /* Sources */ = {
			isa = PBXSourcesBuildPhase;
			buildActionMask = 2147483647;
			files = (
			);
			runOnlyForDeploymentPostprocessing = 0;
		};
/* End PBXSourcesBuildPhase section */

/* Begin PBXTargetDependency section */
		CED103D42DD4E2E00029689D /* PBXTargetDependency */ = {
			isa = PBXTargetDependency;
			target = CED103BB2DD4E2DC0029689D /* MoviesBox */;
			targetProxy = CED103D32DD4E2E00029689D /* PBXContainerItemProxy */;
		};
		CED103DE2DD4E2E00029689D /* PBXTargetDependency */ = {
			isa = PBXTargetDependency;
			target = CED103BB2DD4E2DC0029689D /* MoviesBox */;
			targetProxy = CED103DD2DD4E2E00029689D /* PBXContainerItemProxy */;
		};
/* End PBXTargetDependency section */

/* Begin XCBuildConfiguration section */
		CED103E62DD4E2E00029689D /* Debug */ = {
			isa = XCBuildConfiguration;
			buildSettings = {
				ASSETCATALOG_COMPILER_APPICON_NAME = AppIcon;
				ASSETCATALOG_COMPILER_GLOBAL_ACCENT_COLOR_NAME = AccentColor;
				CODE_SIGN_STYLE = Automatic;
				CURRENT_PROJECT_VERSION = 1;
				DEVELOPMENT_TEAM = LQHDYFQD42;
				GENERATE_INFOPLIST_FILE = YES;
				INFOPLIST_FILE = MoviesBox/Info.plist;
				INFOPLIST_KEY_CFBundleDisplayName = MoviewBox;
				INFOPLIST_KEY_UIApplicationSupportsIndirectInputEvents = YES;
				INFOPLIST_KEY_UILaunchStoryboardName = LaunchScreen;
				INFOPLIST_KEY_UIMainStoryboardFile = Main;
				INFOPLIST_KEY_UISupportedInterfaceOrientations = UIInterfaceOrientationPortrait;
				INFOPLIST_KEY_UISupportedInterfaceOrientations_iPad = "UIInterfaceOrientationLandscapeLeft UIInterfaceOrientationLandscapeRight UIInterfaceOrientationPortrait UIInterfaceOrientationPortraitUpsideDown";
				IPHONEOS_DEPLOYMENT_TARGET = 13;
				LD_RUNPATH_SEARCH_PATHS = (
					"$(inherited)",
					"@executable_path/Frameworks",
				);
				MARKETING_VERSION = 1.0;
				PRODUCT_BUNDLE_IDENTIFIER = mostafaElbadawy.MoviesBox;
				PRODUCT_NAME = "$(TARGET_NAME)";
				SWIFT_EMIT_LOC_STRINGS = YES;
				SWIFT_VERSION = 5.0;
				TARGETED_DEVICE_FAMILY = "1,2";
			};
			name = Debug;
		};
		CED103E72DD4E2E00029689D /* Release */ = {
			isa = XCBuildConfiguration;
			buildSettings = {
				ASSETCATALOG_COMPILER_APPICON_NAME = AppIcon;
				ASSETCATALOG_COMPILER_GLOBAL_ACCENT_COLOR_NAME = AccentColor;
				CODE_SIGN_STYLE = Automatic;
				CURRENT_PROJECT_VERSION = 1;
				DEVELOPMENT_TEAM = LQHDYFQD42;
				GENERATE_INFOPLIST_FILE = YES;
				INFOPLIST_FILE = MoviesBox/Info.plist;
				INFOPLIST_KEY_CFBundleDisplayName = MoviewBox;
				INFOPLIST_KEY_UIApplicationSupportsIndirectInputEvents = YES;
				INFOPLIST_KEY_UILaunchStoryboardName = LaunchScreen;
				INFOPLIST_KEY_UIMainStoryboardFile = Main;
				INFOPLIST_KEY_UISupportedInterfaceOrientations = UIInterfaceOrientationPortrait;
				INFOPLIST_KEY_UISupportedInterfaceOrientations_iPad = "UIInterfaceOrientationLandscapeLeft UIInterfaceOrientationLandscapeRight UIInterfaceOrientationPortrait UIInterfaceOrientationPortraitUpsideDown";
				IPHONEOS_DEPLOYMENT_TARGET = 13;
				LD_RUNPATH_SEARCH_PATHS = (
					"$(inherited)",
					"@executable_path/Frameworks",
				);
				MARKETING_VERSION = 1.0;
				PRODUCT_BUNDLE_IDENTIFIER = mostafaElbadawy.MoviesBox;
				PRODUCT_NAME = "$(TARGET_NAME)";
				SWIFT_EMIT_LOC_STRINGS = YES;
				SWIFT_VERSION = 5.0;
				TARGETED_DEVICE_FAMILY = "1,2";
			};
			name = Release;
		};
		CED103E82DD4E2E00029689D /* Debug */ = {
			isa = XCBuildConfiguration;
			buildSettings = {
				ALWAYS_SEARCH_USER_PATHS = NO;
				ASSETCATALOG_COMPILER_GENERATE_SWIFT_ASSET_SYMBOL_EXTENSIONS = YES;
				CLANG_ANALYZER_NONNULL = YES;
				CLANG_ANALYZER_NUMBER_OBJECT_CONVERSION = YES_AGGRESSIVE;
				CLANG_CXX_LANGUAGE_STANDARD = "gnu++20";
				CLANG_ENABLE_MODULES = YES;
				CLANG_ENABLE_OBJC_ARC = YES;
				CLANG_ENABLE_OBJC_WEAK = YES;
				CLANG_WARN_BLOCK_CAPTURE_AUTORELEASING = YES;
				CLANG_WARN_BOOL_CONVERSION = YES;
				CLANG_WARN_COMMA = YES;
				CLANG_WARN_CONSTANT_CONVERSION = YES;
				CLANG_WARN_DEPRECATED_OBJC_IMPLEMENTATIONS = YES;
				CLANG_WARN_DIRECT_OBJC_ISA_USAGE = YES_ERROR;
				CLANG_WARN_DOCUMENTATION_COMMENTS = YES;
				CLANG_WARN_EMPTY_BODY = YES;
				CLANG_WARN_ENUM_CONVERSION = YES;
				CLANG_WARN_INFINITE_RECURSION = YES;
				CLANG_WARN_INT_CONVERSION = YES;
				CLANG_WARN_NON_LITERAL_NULL_CONVERSION = YES;
				CLANG_WARN_OBJC_IMPLICIT_RETAIN_SELF = YES;
				CLANG_WARN_OBJC_LITERAL_CONVERSION = YES;
				CLANG_WARN_OBJC_ROOT_CLASS = YES_ERROR;
				CLANG_WARN_QUOTED_INCLUDE_IN_FRAMEWORK_HEADER = YES;
				CLANG_WARN_RANGE_LOOP_ANALYSIS = YES;
				CLANG_WARN_STRICT_PROTOTYPES = YES;
				CLANG_WARN_SUSPICIOUS_MOVE = YES;
				CLANG_WARN_UNGUARDED_AVAILABILITY = YES_AGGRESSIVE;
				CLANG_WARN_UNREACHABLE_CODE = YES;
				CLANG_WARN__DUPLICATE_METHOD_MATCH = YES;
				COPY_PHASE_STRIP = NO;
				DEBUG_INFORMATION_FORMAT = dwarf;
				DEVELOPMENT_TEAM = LQHDYFQD42;
				ENABLE_STRICT_OBJC_MSGSEND = YES;
				ENABLE_TESTABILITY = YES;
				ENABLE_USER_SCRIPT_SANDBOXING = YES;
				GCC_C_LANGUAGE_STANDARD = gnu17;
				GCC_DYNAMIC_NO_PIC = NO;
				GCC_NO_COMMON_BLOCKS = YES;
				GCC_OPTIMIZATION_LEVEL = 0;
				GCC_PREPROCESSOR_DEFINITIONS = (
					"DEBUG=1",
					"$(inherited)",
				);
				GCC_WARN_64_TO_32_BIT_CONVERSION = YES;
				GCC_WARN_ABOUT_RETURN_TYPE = YES_ERROR;
				GCC_WARN_UNDECLARED_SELECTOR = YES;
				GCC_WARN_UNINITIALIZED_AUTOS = YES_AGGRESSIVE;
				GCC_WARN_UNUSED_FUNCTION = YES;
				GCC_WARN_UNUSED_VARIABLE = YES;
				IPHONEOS_DEPLOYMENT_TARGET = 18.4;
				LOCALIZATION_PREFERS_STRING_CATALOGS = YES;
				MTL_ENABLE_DEBUG_INFO = INCLUDE_SOURCE;
				MTL_FAST_MATH = YES;
				ONLY_ACTIVE_ARCH = YES;
				SDKROOT = iphoneos;
				SWIFT_ACTIVE_COMPILATION_CONDITIONS = "DEBUG $(inherited)";
				SWIFT_OPTIMIZATION_LEVEL = "-Onone";
			};
			name = Debug;
		};
		CED103E92DD4E2E00029689D /* Release */ = {
			isa = XCBuildConfiguration;
			buildSettings = {
				ALWAYS_SEARCH_USER_PATHS = NO;
				ASSETCATALOG_COMPILER_GENERATE_SWIFT_ASSET_SYMBOL_EXTENSIONS = YES;
				CLANG_ANALYZER_NONNULL = YES;
				CLANG_ANALYZER_NUMBER_OBJECT_CONVERSION = YES_AGGRESSIVE;
				CLANG_CXX_LANGUAGE_STANDARD = "gnu++20";
				CLANG_ENABLE_MODULES = YES;
				CLANG_ENABLE_OBJC_ARC = YES;
				CLANG_ENABLE_OBJC_WEAK = YES;
				CLANG_WARN_BLOCK_CAPTURE_AUTORELEASING = YES;
				CLANG_WARN_BOOL_CONVERSION = YES;
				CLANG_WARN_COMMA = YES;
				CLANG_WARN_CONSTANT_CONVERSION = YES;
				CLANG_WARN_DEPRECATED_OBJC_IMPLEMENTATIONS = YES;
				CLANG_WARN_DIRECT_OBJC_ISA_USAGE = YES_ERROR;
				CLANG_WARN_DOCUMENTATION_COMMENTS = YES;
				CLANG_WARN_EMPTY_BODY = YES;
				CLANG_WARN_ENUM_CONVERSION = YES;
				CLANG_WARN_INFINITE_RECURSION = YES;
				CLANG_WARN_INT_CONVERSION = YES;
				CLANG_WARN_NON_LITERAL_NULL_CONVERSION = YES;
				CLANG_WARN_OBJC_IMPLICIT_RETAIN_SELF = YES;
				CLANG_WARN_OBJC_LITERAL_CONVERSION = YES;
				CLANG_WARN_OBJC_ROOT_CLASS = YES_ERROR;
				CLANG_WARN_QUOTED_INCLUDE_IN_FRAMEWORK_HEADER = YES;
				CLANG_WARN_RANGE_LOOP_ANALYSIS = YES;
				CLANG_WARN_STRICT_PROTOTYPES = YES;
				CLANG_WARN_SUSPICIOUS_MOVE = YES;
				CLANG_WARN_UNGUARDED_AVAILABILITY = YES_AGGRESSIVE;
				CLANG_WARN_UNREACHABLE_CODE = YES;
				CLANG_WARN__DUPLICATE_METHOD_MATCH = YES;
				COPY_PHASE_STRIP = NO;
				DEBUG_INFORMATION_FORMAT = "dwarf-with-dsym";
				DEVELOPMENT_TEAM = LQHDYFQD42;
				ENABLE_NS_ASSERTIONS = NO;
				ENABLE_STRICT_OBJC_MSGSEND = YES;
				ENABLE_USER_SCRIPT_SANDBOXING = YES;
				GCC_C_LANGUAGE_STANDARD = gnu17;
				GCC_NO_COMMON_BLOCKS = YES;
				GCC_WARN_64_TO_32_BIT_CONVERSION = YES;
				GCC_WARN_ABOUT_RETURN_TYPE = YES_ERROR;
				GCC_WARN_UNDECLARED_SELECTOR = YES;
				GCC_WARN_UNINITIALIZED_AUTOS = YES_AGGRESSIVE;
				GCC_WARN_UNUSED_FUNCTION = YES;
				GCC_WARN_UNUSED_VARIABLE = YES;
				IPHONEOS_DEPLOYMENT_TARGET = 18.4;
				LOCALIZATION_PREFERS_STRING_CATALOGS = YES;
				MTL_ENABLE_DEBUG_INFO = NO;
				MTL_FAST_MATH = YES;
				SDKROOT = iphoneos;
				SWIFT_COMPILATION_MODE = wholemodule;
				VALIDATE_PRODUCT = YES;
			};
			name = Release;
		};
		CED103EB2DD4E2E00029689D /* Debug */ = {
			isa = XCBuildConfiguration;
			buildSettings = {
				BUNDLE_LOADER = "$(TEST_HOST)";
				CODE_SIGN_STYLE = Automatic;
				CURRENT_PROJECT_VERSION = 1;
				DEVELOPMENT_TEAM = LQHDYFQD42;
				GENERATE_INFOPLIST_FILE = YES;
				IPHONEOS_DEPLOYMENT_TARGET = 18.4;
				MARKETING_VERSION = 1.0;
				PRODUCT_BUNDLE_IDENTIFIER = mostafaElbadawy.MoviesBoxTests;
				PRODUCT_NAME = "$(TARGET_NAME)";
				SWIFT_EMIT_LOC_STRINGS = NO;
				SWIFT_VERSION = 5.0;
				TARGETED_DEVICE_FAMILY = "1,2";
				TEST_HOST = "$(BUILT_PRODUCTS_DIR)/MoviesBox.app/$(BUNDLE_EXECUTABLE_FOLDER_PATH)/MoviesBox";
			};
			name = Debug;
		};
		CED103EC2DD4E2E00029689D /* Release */ = {
			isa = XCBuildConfiguration;
			buildSettings = {
				BUNDLE_LOADER = "$(TEST_HOST)";
				CODE_SIGN_STYLE = Automatic;
				CURRENT_PROJECT_VERSION = 1;
				DEVELOPMENT_TEAM = LQHDYFQD42;
				GENERATE_INFOPLIST_FILE = YES;
				IPHONEOS_DEPLOYMENT_TARGET = 18.4;
				MARKETING_VERSION = 1.0;
				PRODUCT_BUNDLE_IDENTIFIER = mostafaElbadawy.MoviesBoxTests;
				PRODUCT_NAME = "$(TARGET_NAME)";
				SWIFT_EMIT_LOC_STRINGS = NO;
				SWIFT_VERSION = 5.0;
				TARGETED_DEVICE_FAMILY = "1,2";
				TEST_HOST = "$(BUILT_PRODUCTS_DIR)/MoviesBox.app/$(BUNDLE_EXECUTABLE_FOLDER_PATH)/MoviesBox";
			};
			name = Release;
		};
		CED103EE2DD4E2E00029689D /* Debug */ = {
			isa = XCBuildConfiguration;
			buildSettings = {
				CODE_SIGN_STYLE = Automatic;
				CURRENT_PROJECT_VERSION = 1;
				DEVELOPMENT_TEAM = LQHDYFQD42;
				GENERATE_INFOPLIST_FILE = YES;
				MARKETING_VERSION = 1.0;
				PRODUCT_BUNDLE_IDENTIFIER = mostafaElbadawy.MoviesBoxUITests;
				PRODUCT_NAME = "$(TARGET_NAME)";
				SWIFT_EMIT_LOC_STRINGS = NO;
				SWIFT_VERSION = 5.0;
				TARGETED_DEVICE_FAMILY = "1,2";
				TEST_TARGET_NAME = MoviesBox;
			};
			name = Debug;
		};
		CED103EF2DD4E2E00029689D /* Release */ = {
			isa = XCBuildConfiguration;
			buildSettings = {
				CODE_SIGN_STYLE = Automatic;
				CURRENT_PROJECT_VERSION = 1;
				DEVELOPMENT_TEAM = LQHDYFQD42;
				GENERATE_INFOPLIST_FILE = YES;
				MARKETING_VERSION = 1.0;
				PRODUCT_BUNDLE_IDENTIFIER = mostafaElbadawy.MoviesBoxUITests;
				PRODUCT_NAME = "$(TARGET_NAME)";
				SWIFT_EMIT_LOC_STRINGS = NO;
				SWIFT_VERSION = 5.0;
				TARGETED_DEVICE_FAMILY = "1,2";
				TEST_TARGET_NAME = MoviesBox;
			};
			name = Release;
		};
/* End XCBuildConfiguration section */

/* Begin XCConfigurationList section */
		CED103B72DD4E2DC0029689D /* Build configuration list for PBXProject "MoviesBox" */ = {
			isa = XCConfigurationList;
			buildConfigurations = (
				CED103E82DD4E2E00029689D /* Debug */,
				CED103E92DD4E2E00029689D /* Release */,
			);
			defaultConfigurationIsVisible = 0;
			defaultConfigurationName = Release;
		};
		CED103E52DD4E2E00029689D /* Build configuration list for PBXNativeTarget "MoviesBox" */ = {
			isa = XCConfigurationList;
			buildConfigurations = (
				CED103E62DD4E2E00029689D /* Debug */,
				CED103E72DD4E2E00029689D /* Release */,
			);
			defaultConfigurationIsVisible = 0;
			defaultConfigurationName = Release;
		};
		CED103EA2DD4E2E00029689D /* Build configuration list for PBXNativeTarget "MoviesBoxTests" */ = {
			isa = XCConfigurationList;
			buildConfigurations = (
				CED103EB2DD4E2E00029689D /* Debug */,
				CED103EC2DD4E2E00029689D /* Release */,
			);
			defaultConfigurationIsVisible = 0;
			defaultConfigurationName = Release;
		};
		CED103ED2DD4E2E00029689D /* Build configuration list for PBXNativeTarget "MoviesBoxUITests" */ = {
			isa = XCConfigurationList;
			buildConfigurations = (
				CED103EE2DD4E2E00029689D /* Debug */,
				CED103EF2DD4E2E00029689D /* Release */,
			);
			defaultConfigurationIsVisible = 0;
			defaultConfigurationName = Release;
		};
/* End XCConfigurationList section */
	};
	rootObject = CED103B42DD4E2DC0029689D /* Project object */;
}
